// !$*UTF8*$!
{
	archiveVersion = 1;
	classes = {
	};
	objectVersion = 46;
	objects = {

/* Begin PBXBuildFile section */
		522F3D0A1B596B3E00191BEA /* AppDelegate.swift in Sources */ = {isa = PBXBuildFile; fileRef = 522F3D091B596B3E00191BEA /* AppDelegate.swift */; };
		522F3D0C1B596B3E00191BEA /* ViewController.swift in Sources */ = {isa = PBXBuildFile; fileRef = 522F3D0B1B596B3E00191BEA /* ViewController.swift */; };
		522F3D0F1B596B3E00191BEA /* Main.storyboard in Resources */ = {isa = PBXBuildFile; fileRef = 522F3D0D1B596B3E00191BEA /* Main.storyboard */; };
		522F3D111B596B3E00191BEA /* Assets.xcassets in Resources */ = {isa = PBXBuildFile; fileRef = 522F3D101B596B3E00191BEA /* Assets.xcassets */; };
		522F3D141B596B3E00191BEA /* LaunchScreen.storyboard in Resources */ = {isa = PBXBuildFile; fileRef = 522F3D121B596B3E00191BEA /* LaunchScreen.storyboard */; };
		522F3D1C1B596DD800191BEA /* PopoverTableViewController.swift in Sources */ = {isa = PBXBuildFile; fileRef = 522F3D1B1B596DD800191BEA /* PopoverTableViewController.swift */; };
		523BE81E1B59895B0049FFA5 /* PresentaionDelegate.swift in Sources */ = {isa = PBXBuildFile; fileRef = 523BE81D1B59895B0049FFA5 /* PresentaionDelegate.swift */; };
/* End PBXBuildFile section */

/* Begin PBXFileReference section */
		522F3D061B596B3E00191BEA /* 1.2Popovers.app */ = {isa = PBXFileReference; explicitFileType = wrapper.application; includeInIndex = 0; path = 1.2Popovers.app; sourceTree = BUILT_PRODUCTS_DIR; };
		522F3D091B596B3E00191BEA /* AppDelegate.swift */ = {isa = PBXFileReference; lastKnownFileType = sourcecode.swift; path = AppDelegate.swift; sourceTree = "<group>"; };
		522F3D0B1B596B3E00191BEA /* ViewController.swift */ = {isa = PBXFileReference; lastKnownFileType = sourcecode.swift; path = ViewController.swift; sourceTree = "<group>"; };
		522F3D0E1B596B3E00191BEA /* Base */ = {isa = PBXFileReference; lastKnownFileType = file.storyboard; name = Base; path = Base.lproj/Main.storyboard; sourceTree = "<group>"; };
		522F3D101B596B3E00191BEA /* Assets.xcassets */ = {isa = PBXFileReference; lastKnownFileType = folder.assetcatalog; path = Assets.xcassets; sourceTree = "<group>"; };
		522F3D131B596B3E00191BEA /* Base */ = {isa = PBXFileReference; lastKnownFileType = file.storyboard; name = Base; path = Base.lproj/LaunchScreen.storyboard; sourceTree = "<group>"; };
		522F3D151B596B3E00191BEA /* Info.plist */ = {isa = PBXFileReference; lastKnownFileType = text.plist.xml; path = Info.plist; sourceTree = "<group>"; };
		522F3D1B1B596DD800191BEA /* PopoverTableViewController.swift */ = {isa = PBXFileReference; fileEncoding = 4; lastKnownFileType = sourcecode.swift; path = PopoverTableViewController.swift; sourceTree = "<group>"; };
		523BE81D1B59895B0049FFA5 /* PresentaionDelegate.swift */ = {isa = PBXFileReference; fileEncoding = 4; lastKnownFileType = sourcecode.swift; path = PresentaionDelegate.swift; sourceTree = "<group>"; };
/* End PBXFileReference section */

/* Begin PBXFrameworksBuildPhase section */
		522F3D031B596B3E00191BEA /* Frameworks */ = {
			isa = PBXFrameworksBuildPhase;
			buildActionMask = 2147483647;
			files = (
			);
			runOnlyForDeploymentPostprocessing = 0;
		};
/* End PBXFrameworksBuildPhase section */

/* Begin PBXGroup section */
		522F3CFD1B596B3E00191BEA = {
			isa = PBXGroup;
			children = (
				522F3D081B596B3E00191BEA /* 1.2Popovers */,
				522F3D071B596B3E00191BEA /* Products */,
			);
			sourceTree = "<group>";
		};
		522F3D071B596B3E00191BEA /* Products */ = {
			isa = PBXGroup;
			children = (
				522F3D061B596B3E00191BEA /* 1.2Popovers.app */,
			);
			name = Products;
			sourceTree = "<group>";
		};
		522F3D081B596B3E00191BEA /* 1.2Popovers */ = {
			isa = PBXGroup;
			children = (
				522F3D091B596B3E00191BEA /* AppDelegate.swift */,
				522F3D0B1B596B3E00191BEA /* ViewController.swift */,
				523BE81D1B59895B0049FFA5 /* PresentaionDelegate.swift */,
				522F3D1B1B596DD800191BEA /* PopoverTableViewController.swift */,
				522F3D0D1B596B3E00191BEA /* Main.storyboard */,
				522F3D101B596B3E00191BEA /* Assets.xcassets */,
				522F3D121B596B3E00191BEA /* LaunchScreen.storyboard */,
				522F3D151B596B3E00191BEA /* Info.plist */,
			);
			path = 1.2Popovers;
			sourceTree = "<group>";
		};
/* End PBXGroup section */

/* Begin PBXNativeTarget section */
		522F3D051B596B3E00191BEA /* 1.2Popovers */ = {
			isa = PBXNativeTarget;
			buildConfigurationList = 522F3D181B596B3E00191BEA /* Build configuration list for PBXNativeTarget "1.2Popovers" */;
			buildPhases = (
				522F3D021B596B3E00191BEA /* Sources */,
				522F3D031B596B3E00191BEA /* Frameworks */,
				522F3D041B596B3E00191BEA /* Resources */,
			);
			buildRules = (
			);
			dependencies = (
			);
			name = 1.2Popovers;
			productName = 1.2Popovers;
			productReference = 522F3D061B596B3E00191BEA /* 1.2Popovers.app */;
			productType = "com.apple.product-type.application";
		};
/* End PBXNativeTarget section */

/* Begin PBXProject section */
		522F3CFE1B596B3E00191BEA /* Project object */ = {
			isa = PBXProject;
			attributes = {
				LastUpgradeCheck = 0700;
				ORGANIZATIONNAME = johnregner;
				TargetAttributes = {
					522F3D051B596B3E00191BEA = {
						CreatedOnToolsVersion = 7.0;
					};
				};
			};
			buildConfigurationList = 522F3D011B596B3E00191BEA /* Build configuration list for PBXProject "1.2Popovers" */;
			compatibilityVersion = "Xcode 3.2";
			developmentRegion = English;
			hasScannedForEncodings = 0;
			knownRegions = (
				en,
				Base,
			);
			mainGroup = 522F3CFD1B596B3E00191BEA;
			productRefGroup = 522F3D071B596B3E00191BEA /* Products */;
			projectDirPath = "";
			projectRoot = "";
			targets = (
				522F3D051B596B3E00191BEA /* 1.2Popovers */,
			);
		};
/* End PBXProject section */

/* Begin PBXResourcesBuildPhase section */
		522F3D041B596B3E00191BEA /* Resources */ = {
			isa = PBXResourcesBuildPhase;
			buildActionMask = 2147483647;
			files = (
				522F3D141B596B3E00191BEA /* LaunchScreen.storyboard in Resources */,
				522F3D111B596B3E00191BEA /* Assets.xcassets in Resources */,
				522F3D0F1B596B3E00191BEA /* Main.storyboard in Resources */,
			);
			runOnlyForDeploymentPostprocessing = 0;
		};
/* End PBXResourcesBuildPhase section */

/* Begin PBXSourcesBuildPhase section */
		522F3D021B596B3E00191BEA /* Sources */ = {
			isa = PBXSourcesBuildPhase;
			buildActionMask = 2147483647;
			files = (
				522F3D0C1B596B3E00191BEA /* ViewController.swift in Sources */,
				522F3D1C1B596DD800191BEA /* PopoverTableViewController.swift in Sources */,
				522F3D0A1B596B3E00191BEA /* AppDelegate.swift in Sources */,
				523BE81E1B59895B0049FFA5 /* PresentaionDelegate.swift in Sources */,
			);
			runOnlyForDeploymentPostprocessing = 0;
		};
/* End PBXSourcesBuildPhase section */

/* Begin PBXVariantGroup section */
		522F3D0D1B596B3E00191BEA /* Main.storyboard */ = {
			isa = PBXVariantGroup;
			children = (
				522F3D0E1B596B3E00191BEA /* Base */,
			);
			name = Main.storyboard;
			sourceTree = "<group>";
		};
		522F3D121B596B3E00191BEA /* LaunchScreen.storyboard */ = {
			isa = PBXVariantGroup;
			children = (
				522F3D131B596B3E00191BEA /* Base */,
			);
			name = LaunchScreen.storyboard;
			sourceTree = "<group>";
		};
/* End PBXVariantGroup section */

/* Begin XCBuildConfiguration section */
		522F3D161B596B3E00191BEA /* Debug */ = {
			isa = XCBuildConfiguration;
			buildSettings = {
				ALWAYS_SEARCH_USER_PATHS = NO;
				CLANG_CXX_LANGUAGE_STANDARD = "gnu++0x";
				CLANG_CXX_LIBRARY = "libc++";
				CLANG_ENABLE_MODULES = YES;
				CLANG_ENABLE_OBJC_ARC = YES;
				CLANG_WARN_BOOL_CONVERSION = YES;
				CLANG_WARN_CONSTANT_CONVERSION = YES;
				CLANG_WARN_DIRECT_OBJC_ISA_USAGE = YES_ERROR;
				CLANG_WARN_EMPTY_BODY = YES;
				CLANG_WARN_ENUM_CONVERSION = YES;
				CLANG_WARN_INT_CONVERSION = YES;
				CLANG_WARN_OBJC_ROOT_CLASS = YES_ERROR;
				CLANG_WARN_UNREACHABLE_CODE = YES;
				CLANG_WARN__DUPLICATE_METHOD_MATCH = YES;
				"CODE_SIGN_IDENTITY[sdk=iphoneos*]" = "iPhone Developer";
				COPY_PHASE_STRIP = NO;
				DEBUG_INFORMATION_FORMAT = dwarf;
				ENABLE_STRICT_OBJC_MSGSEND = YES;
				ENABLE_TESTABILITY = YES;
				GCC_C_LANGUAGE_STANDARD = gnu99;
				GCC_DYNAMIC_NO_PIC = NO;
				GCC_NO_COMMON_BLOCKS = YES;
				GCC_OPTIMIZATION_LEVEL = 0;
				GCC_PREPROCESSOR_DEFINITIONS = (
					"DEBUG=1",
					"$(inherited)",
				);
				GCC_WARN_64_TO_32_BIT_CONVERSION = YES;
				GCC_WARN_ABOUT_RETURN_TYPE = YES_ERROR;
				GCC_WARN_UNDECLARED_SELECTOR = YES;
				GCC_WARN_UNINITIALIZED_AUTOS = YES_AGGRESSIVE;
				GCC_WARN_UNUSED_FUNCTION = YES;
				GCC_WARN_UNUSED_VARIABLE = YES;
				IPHONEOS_DEPLOYMENT_TARGET = 9.0;
				MTL_ENABLE_DEBUG_INFO = YES;
				ONLY_ACTIVE_ARCH = YES;
				SDKROOT = iphoneos;
				SWIFT_OPTIMIZATION_LEVEL = "-Onone";
				TARGETED_DEVICE_FAMILY = "1,2";
			};
			name = Debug;
		};
		522F3D171B596B3E00191BEA /* Release */ = {
			isa = XCBuildConfiguration;
			buildSettings = {
				ALWAYS_SEARCH_USER_PATHS = NO;
				CLANG_CXX_LANGUAGE_STANDARD = "gnu++0x";
				CLANG_CXX_LIBRARY = "libc++";
				CLANG_ENABLE_MODULES = YES;
				CLANG_ENABLE_OBJC_ARC = YES;
				CLANG_WARN_BOOL_CONVERSION = YES;
				CLANG_WARN_CONSTANT_CONVERSION = YES;
				CLANG_WARN_DIRECT_OBJC_ISA_USAGE = YES_ERROR;
				CLANG_WARN_EMPTY_BODY = YES;
				CLANG_WARN_ENUM_CONVERSION = YES;
				CLANG_WARN_INT_CONVERSION = YES;
				CLANG_WARN_OBJC_ROOT_CLASS = YES_ERROR;
				CLANG_WARN_UNREACHABLE_CODE = YES;
				CLANG_WARN__DUPLICATE_METHOD_MATCH = YES;
				"CODE_SIGN_IDENTITY[sdk=iphoneos*]" = "iPhone Developer";
				COPY_PHASE_STRIP = NO;
				DEBUG_INFORMATION_FORMAT = "dwarf-with-dsym";
				ENABLE_NS_ASSERTIONS = NO;
				ENABLE_STRICT_OBJC_MSGSEND = YES;
				GCC_C_LANGUAGE_STANDARD = gnu99;
				GCC_NO_COMMON_BLOCKS = YES;
				GCC_WARN_64_TO_32_BIT_CONVERSION = YES;
				GCC_WARN_ABOUT_RETURN_TYPE = YES_ERROR;
				GCC_WARN_UNDECLARED_SELECTOR = YES;
				GCC_WARN_UNINITIALIZED_AUTOS = YES_AGGRESSIVE;
				GCC_WARN_UNUSED_FUNCTION = YES;
				GCC_WARN_UNUSED_VARIABLE = YES;
				IPHONEOS_DEPLOYMENT_TARGET = 9.0;
				MTL_ENABLE_DEBUG_INFO = NO;
				SDKROOT = iphoneos;
				TARGETED_DEVICE_FAMILY = "1,2";
				VALIDATE_PRODUCT = YES;
			};
			name = Release;
		};
		522F3D191B596B3E00191BEA /* Debug */ = {
			isa = XCBuildConfiguration;
			buildSettings = {
				ASSETCATALOG_COMPILER_APPICON_NAME = AppIcon;
				INFOPLIST_FILE = 1.2Popovers/Info.plist;
				LD_RUNPATH_SEARCH_PATHS = "$(inherited) @executable_path/Frameworks";
				PRODUCT_BUNDLE_IDENTIFIER = "com.johnregner.--2Popovers";
				PRODUCT_NAME = "$(TARGET_NAME)";
			};
			name = Debug;
		};
		522F3D1A1B596B3E00191BEA /* Release */ = {
			isa = XCBuildConfiguration;
			buildSettings = {
				ASSETCATALOG_COMPILER_APPICON_NAME = AppIcon;
				INFOPLIST_FILE = 1.2Popovers/Info.plist;
				LD_RUNPATH_SEARCH_PATHS = "$(inherited) @executable_path/Frameworks";
				PRODUCT_BUNDLE_IDENTIFIER = "com.johnregner.--2Popovers";
				PRODUCT_NAME = "$(TARGET_NAME)";
			};
			name = Release;
		};
/* End XCBuildConfiguration section */

/* Begin XCConfigurationList section */
		522F3D011B596B3E00191BEA /* Build configuration list for PBXProject "1.2Popovers" */ = {
			isa = XCConfigurationList;
			buildConfigurations = (
				522F3D161B596B3E00191BEA /* Debug */,
				522F3D171B596B3E00191BEA /* Release */,
			);
			defaultConfigurationIsVisible = 0;
			defaultConfigurationName = Release;
		};
		522F3D181B596B3E00191BEA /* Build configuration list for PBXNativeTarget "1.2Popovers" */ = {
			isa = XCConfigurationList;
			buildConfigurations = (
				522F3D191B596B3E00191BEA /* Debug */,
				522F3D1A1B596B3E00191BEA /* Release */,
			);
			defaultConfigurationIsVisible = 0;
			defaultConfigurationName = Release;
		};
/* End XCConfigurationList section */
	};
	rootObject = 522F3CFE1B596B3E00191BEA /* Project object */;
}
